
Microsoft Visual Studio Solution File, Format Version 12.00
# Visual Studio Version 16
VisualStudioVersion = 16.0.31702.278
MinimumVisualStudioVersion = 10.0.40219.1
Project("{9A19103F-16F7-4668-BE54-9A1E7A4F7556}") = "SalesWebMVC", "SalesWebMVC\SalesWebMVC.csproj", "{CDB6FCAA-04E2-4B69-BE11-1A182BA778D4}"
EndProject
Global
	GlobalSection(SolutionConfigurationPlatforms) = preSolution
		Debug|Any CPU = Debug|Any CPU
		Release|Any CPU = Release|Any CPU
	EndGlobalSection
	GlobalSection(ProjectConfigurationPlatforms) = postSolution
		{CDB6FCAA-04E2-4B69-BE11-1A182BA778D4}.Debug|Any CPU.ActiveCfg = Debug|Any CPU
		{CDB6FCAA-04E2-4B69-BE11-1A182BA778D4}.Debug|Any CPU.Build.0 = Debug|Any CPU
		{CDB6FCAA-04E2-4B69-BE11-1A182BA778D4}.Release|Any CPU.ActiveCfg = Release|Any CPU
		{CDB6FCAA-04E2-4B69-BE11-1A182BA778D4}.Release|Any CPU.Build.0 = Release|Any CPU
	EndGlobalSection
	GlobalSection(SolutionProperties) = preSolution
		HideSolutionNode = FALSE
	EndGlobalSection
	GlobalSection(ExtensibilityGlobals) = postSolution
		SolutionGuid = {DDE3D82F-68E4-49E6-A4DF-1ECE13D024E6}
	EndGlobalSection
EndGlobal
